
Microsoft Visual Studio Solution File, Format Version 12.00
# Visual Studio 14
VisualStudioVersion = 14.0.25420.1
MinimumVisualStudioVersion = 10.0.40219.1
Project("{FAE04EC0-301F-11D3-BF4B-00C04F79EFBC}") = "Loader", "Loader\Loader.csproj", "{54D770E2-4912-4C3A-9584-AC4031C976D9}"
EndProject
Project("{FAE04EC0-301F-11D3-BF4B-00C04F79EFBC}") = "UpdateNewVersion", "..\UpdateNewVersion\UpdateNewVersion.csproj", "{77E609E6-841E-4BA6-9EA2-A104F9C09CBD}"
EndProject
Global
	GlobalSection(SolutionConfigurationPlatforms) = preSolution
		Debug|Any CPU = Debug|Any CPU
		Release|Any CPU = Release|Any CPU
	EndGlobalSection
	GlobalSection(ProjectConfigurationPlatforms) = postSolution
		{54D770E2-4912-4C3A-9584-AC4031C976D9}.Debug|Any CPU.ActiveCfg = Debug|Any CPU
		{54D770E2-4912-4C3A-9584-AC4031C976D9}.Debug|Any CPU.Build.0 = Debug|Any CPU
		{54D770E2-4912-4C3A-9584-AC4031C976D9}.Release|Any CPU.ActiveCfg = Release|Any CPU
		{54D770E2-4912-4C3A-9584-AC4031C976D9}.Release|Any CPU.Build.0 = Release|Any CPU
		{77E609E6-841E-4BA6-9EA2-A104F9C09CBD}.Debug|Any CPU.ActiveCfg = Debug|Any CPU
		{77E609E6-841E-4BA6-9EA2-A104F9C09CBD}.Debug|Any CPU.Build.0 = Debug|Any CPU
		{77E609E6-841E-4BA6-9EA2-A104F9C09CBD}.Release|Any CPU.ActiveCfg = Release|Any CPU
		{77E609E6-841E-4BA6-9EA2-A104F9C09CBD}.Release|Any CPU.Build.0 = Release|Any CPU
	EndGlobalSection
	GlobalSection(SolutionProperties) = preSolution
		HideSolutionNode = FALSE
	EndGlobalSection
EndGlobal
